
Microsoft Visual Studio Solution File, Format Version 12.00
# Visual Studio Version 17
VisualStudioVersion = 17.3.32922.545
MinimumVisualStudioVersion = 10.0.40219.1
Project("{9A19103F-16F7-4668-BE54-9A1E7A4F7556}") = "Api", "Api\Api.csproj", "{8496C979-BAF6-4BB6-8CB4-3CD449EFE7C3}"
EndProject
Project("{2150E333-8FDC-42A3-9474-1A3956D46DE8}") = "Domain", "Domain", "{91C6B5AD-4FEC-493E-80BB-F2FD39DA398D}"
EndProject
Project("{9A19103F-16F7-4668-BE54-9A1E7A4F7556}") = "Data", "Data\Data.csproj", "{84A3E3D9-5F10-48E5-AD3E-D216FE350D21}"
EndProject
Project("{9A19103F-16F7-4668-BE54-9A1E7A4F7556}") = "Common", "Common\Common.csproj", "{5456066D-7BD6-46AA-9C9A-92244C9CC081}"
EndProject
Project("{9A19103F-16F7-4668-BE54-9A1E7A4F7556}") = "Messages", "Messages\Messages.csproj", "{0D782BCA-A41E-4E46-AB4B-527CC0507ACB}"
EndProject
Project("{9A19103F-16F7-4668-BE54-9A1E7A4F7556}") = "Services", "Services\Services.csproj", "{FA6C29C6-121F-4234-8B7E-67A822C6BE7A}"
EndProject
Project("{9A19103F-16F7-4668-BE54-9A1E7A4F7556}") = "Models", "Models\Models.csproj", "{00B485EC-257E-437E-BA23-F54746C44DCC}"
EndProject
Project("{2150E333-8FDC-42A3-9474-1A3956D46DE8}") = "Solution Items", "Solution Items", "{EDE225C5-BAB5-40DC-9C7E-03B082F9F13A}"
	ProjectSection(SolutionItems) = preProject
		.editorconfig = .editorconfig
	EndProjectSection
EndProject
Global
	GlobalSection(SolutionConfigurationPlatforms) = preSolution
		Debug|Any CPU = Debug|Any CPU
		Release|Any CPU = Release|Any CPU
	EndGlobalSection
	GlobalSection(ProjectConfigurationPlatforms) = postSolution
		{8496C979-BAF6-4BB6-8CB4-3CD449EFE7C3}.Debug|Any CPU.ActiveCfg = Debug|Any CPU
		{8496C979-BAF6-4BB6-8CB4-3CD449EFE7C3}.Debug|Any CPU.Build.0 = Debug|Any CPU
		{8496C979-BAF6-4BB6-8CB4-3CD449EFE7C3}.Release|Any CPU.ActiveCfg = Release|Any CPU
		{8496C979-BAF6-4BB6-8CB4-3CD449EFE7C3}.Release|Any CPU.Build.0 = Release|Any CPU
		{84A3E3D9-5F10-48E5-AD3E-D216FE350D21}.Debug|Any CPU.ActiveCfg = Debug|Any CPU
		{84A3E3D9-5F10-48E5-AD3E-D216FE350D21}.Debug|Any CPU.Build.0 = Debug|Any CPU
		{84A3E3D9-5F10-48E5-AD3E-D216FE350D21}.Release|Any CPU.ActiveCfg = Release|Any CPU
		{84A3E3D9-5F10-48E5-AD3E-D216FE350D21}.Release|Any CPU.Build.0 = Release|Any CPU
		{5456066D-7BD6-46AA-9C9A-92244C9CC081}.Debug|Any CPU.ActiveCfg = Debug|Any CPU
		{5456066D-7BD6-46AA-9C9A-92244C9CC081}.Debug|Any CPU.Build.0 = Debug|Any CPU
		{5456066D-7BD6-46AA-9C9A-92244C9CC081}.Release|Any CPU.ActiveCfg = Release|Any CPU
		{5456066D-7BD6-46AA-9C9A-92244C9CC081}.Release|Any CPU.Build.0 = Release|Any CPU
		{0D782BCA-A41E-4E46-AB4B-527CC0507ACB}.Debug|Any CPU.ActiveCfg = Debug|Any CPU
		{0D782BCA-A41E-4E46-AB4B-527CC0507ACB}.Debug|Any CPU.Build.0 = Debug|Any CPU
		{0D782BCA-A41E-4E46-AB4B-527CC0507ACB}.Release|Any CPU.ActiveCfg = Release|Any CPU
		{0D782BCA-A41E-4E46-AB4B-527CC0507ACB}.Release|Any CPU.Build.0 = Release|Any CPU
		{FA6C29C6-121F-4234-8B7E-67A822C6BE7A}.Debug|Any CPU.ActiveCfg = Debug|Any CPU
		{FA6C29C6-121F-4234-8B7E-67A822C6BE7A}.Debug|Any CPU.Build.0 = Debug|Any CPU
		{FA6C29C6-121F-4234-8B7E-67A822C6BE7A}.Release|Any CPU.ActiveCfg = Release|Any CPU
		{FA6C29C6-121F-4234-8B7E-67A822C6BE7A}.Release|Any CPU.Build.0 = Release|Any CPU
		{00B485EC-257E-437E-BA23-F54746C44DCC}.Debug|Any CPU.ActiveCfg = Debug|Any CPU
		{00B485EC-257E-437E-BA23-F54746C44DCC}.Debug|Any CPU.Build.0 = Debug|Any CPU
		{00B485EC-257E-437E-BA23-F54746C44DCC}.Release|Any CPU.ActiveCfg = Release|Any CPU
		{00B485EC-257E-437E-BA23-F54746C44DCC}.Release|Any CPU.Build.0 = Release|Any CPU
	EndGlobalSection
	GlobalSection(SolutionProperties) = preSolution
		HideSolutionNode = FALSE
	EndGlobalSection
	GlobalSection(NestedProjects) = preSolution
		{5456066D-7BD6-46AA-9C9A-92244C9CC081} = {91C6B5AD-4FEC-493E-80BB-F2FD39DA398D}
		{0D782BCA-A41E-4E46-AB4B-527CC0507ACB} = {91C6B5AD-4FEC-493E-80BB-F2FD39DA398D}
		{FA6C29C6-121F-4234-8B7E-67A822C6BE7A} = {91C6B5AD-4FEC-493E-80BB-F2FD39DA398D}
		{00B485EC-257E-437E-BA23-F54746C44DCC} = {91C6B5AD-4FEC-493E-80BB-F2FD39DA398D}
	EndGlobalSection
	GlobalSection(ExtensibilityGlobals) = postSolution
		SolutionGuid = {505C839F-7259-4412-A15A-EC47282B2E56}
	EndGlobalSection
EndGlobal
